
Microsoft Visual Studio Solution File, Format Version 12.00
# Visual Studio Version 17
VisualStudioVersion = 17.3.32901.215
MinimumVisualStudioVersion = 10.0.40219.1
Project("{8BC9CEB8-8B4A-11D0-8D11-00A0C91BC942}") = "Task1", "Task1\Task1.vcxproj", "{81FB51BA-B1CF-4A37-81B9-F5F5FCD60D78}"
EndProject
Project("{8BC9CEB8-8B4A-11D0-8D11-00A0C91BC942}") = "Task2", "Task2\Task2.vcxproj", "{0F3AC3B1-75D3-4D0A-B0A7-C3F3DE1783F2}"
EndProject
Project("{8BC9CEB8-8B4A-11D0-8D11-00A0C91BC942}") = "Task3", "Task3\Task3.vcxproj", "{83E838A1-1ADE-4894-A006-32828EFD9045}"
EndProject
Project("{8BC9CEB8-8B4A-11D0-8D11-00A0C91BC942}") = "Task4", "Task4\Task4.vcxproj", "{D59A866F-7864-45CD-8045-03D15527595A}"
EndProject
Project("{8BC9CEB8-8B4A-11D0-8D11-00A0C91BC942}") = "Task5", "Task5\Task5.vcxproj", "{E9C0F1C7-ED2C-4973-94A5-373218BE6AC6}"
EndProject
Project("{8BC9CEB8-8B4A-11D0-8D11-00A0C91BC942}") = "Task6", "Task6\Task6.vcxproj", "{DE42EFE0-E853-449D-A677-20BD066DEA62}"
EndProject
Global
	GlobalSection(SolutionConfigurationPlatforms) = preSolution
		Debug|x64 = Debug|x64
		Debug|x86 = Debug|x86
		Release|x64 = Release|x64
		Release|x86 = Release|x86
	EndGlobalSection
	GlobalSection(ProjectConfigurationPlatforms) = postSolution
		{81FB51BA-B1CF-4A37-81B9-F5F5FCD60D78}.Debug|x64.ActiveCfg = Debug|x64
		{81FB51BA-B1CF-4A37-81B9-F5F5FCD60D78}.Debug|x64.Build.0 = Debug|x64
		{81FB51BA-B1CF-4A37-81B9-F5F5FCD60D78}.Debug|x86.ActiveCfg = Debug|Win32
		{81FB51BA-B1CF-4A37-81B9-F5F5FCD60D78}.Debug|x86.Build.0 = Debug|Win32
		{81FB51BA-B1CF-4A37-81B9-F5F5FCD60D78}.Release|x64.ActiveCfg = Release|x64
		{81FB51BA-B1CF-4A37-81B9-F5F5FCD60D78}.Release|x64.Build.0 = Release|x64
		{81FB51BA-B1CF-4A37-81B9-F5F5FCD60D78}.Release|x86.ActiveCfg = Release|Win32
		{81FB51BA-B1CF-4A37-81B9-F5F5FCD60D78}.Release|x86.Build.0 = Release|Win32
		{0F3AC3B1-75D3-4D0A-B0A7-C3F3DE1783F2}.Debug|x64.ActiveCfg = Debug|x64
		{0F3AC3B1-75D3-4D0A-B0A7-C3F3DE1783F2}.Debug|x64.Build.0 = Debug|x64
		{0F3AC3B1-75D3-4D0A-B0A7-C3F3DE1783F2}.Debug|x86.ActiveCfg = Debug|Win32
		{0F3AC3B1-75D3-4D0A-B0A7-C3F3DE1783F2}.Debug|x86.Build.0 = Debug|Win32
		{0F3AC3B1-75D3-4D0A-B0A7-C3F3DE1783F2}.Release|x64.ActiveCfg = Release|x64
		{0F3AC3B1-75D3-4D0A-B0A7-C3F3DE1783F2}.Release|x64.Build.0 = Release|x64
		{0F3AC3B1-75D3-4D0A-B0A7-C3F3DE1783F2}.Release|x86.ActiveCfg = Release|Win32
		{0F3AC3B1-75D3-4D0A-B0A7-C3F3DE1783F2}.Release|x86.Build.0 = Release|Win32
		{83E838A1-1ADE-4894-A006-32828EFD9045}.Debug|x64.ActiveCfg = Debug|x64
		{83E838A1-1ADE-4894-A006-32828EFD9045}.Debug|x64.Build.0 = Debug|x64
		{83E838A1-1ADE-4894-A006-32828EFD9045}.Debug|x86.ActiveCfg = Debug|Win32
		{83E838A1-1ADE-4894-A006-32828EFD9045}.Debug|x86.Build.0 = Debug|Win32
		{83E838A1-1ADE-4894-A006-32828EFD9045}.Release|x64.ActiveCfg = Release|x64
		{83E838A1-1ADE-4894-A006-32828EFD9045}.Release|x64.Build.0 = Release|x64
		{83E838A1-1ADE-4894-A006-32828EFD9045}.Release|x86.ActiveCfg = Release|Win32
		{83E838A1-1ADE-4894-A006-32828EFD9045}.Release|x86.Build.0 = Release|Win32
		{D59A866F-7864-45CD-8045-03D15527595A}.Debug|x64.ActiveCfg = Debug|x64
		{D59A866F-7864-45CD-8045-03D15527595A}.Debug|x64.Build.0 = Debug|x64
		{D59A866F-7864-45CD-8045-03D15527595A}.Debug|x86.ActiveCfg = Debug|Win32
		{D59A866F-7864-45CD-8045-03D15527595A}.Debug|x86.Build.0 = Debug|Win32
		{D59A866F-7864-45CD-8045-03D15527595A}.Release|x64.ActiveCfg = Release|x64
		{D59A866F-7864-45CD-8045-03D15527595A}.Release|x64.Build.0 = Release|x64
		{D59A866F-7864-45CD-8045-03D15527595A}.Release|x86.ActiveCfg = Release|Win32
		{D59A866F-7864-45CD-8045-03D15527595A}.Release|x86.Build.0 = Release|Win32
		{E9C0F1C7-ED2C-4973-94A5-373218BE6AC6}.Debug|x64.ActiveCfg = Debug|x64
		{E9C0F1C7-ED2C-4973-94A5-373218BE6AC6}.Debug|x64.Build.0 = Debug|x64
		{E9C0F1C7-ED2C-4973-94A5-373218BE6AC6}.Debug|x86.ActiveCfg = Debug|Win32
		{E9C0F1C7-ED2C-4973-94A5-373218BE6AC6}.Debug|x86.Build.0 = Debug|Win32
		{E9C0F1C7-ED2C-4973-94A5-373218BE6AC6}.Release|x64.ActiveCfg = Release|x64
		{E9C0F1C7-ED2C-4973-94A5-373218BE6AC6}.Release|x64.Build.0 = Release|x64
		{E9C0F1C7-ED2C-4973-94A5-373218BE6AC6}.Release|x86.ActiveCfg = Release|Win32
		{E9C0F1C7-ED2C-4973-94A5-373218BE6AC6}.Release|x86.Build.0 = Release|Win32
		{DE42EFE0-E853-449D-A677-20BD066DEA62}.Debug|x64.ActiveCfg = Debug|x64
		{DE42EFE0-E853-449D-A677-20BD066DEA62}.Debug|x64.Build.0 = Debug|x64
		{DE42EFE0-E853-449D-A677-20BD066DEA62}.Debug|x86.ActiveCfg = Debug|Win32
		{DE42EFE0-E853-449D-A677-20BD066DEA62}.Debug|x86.Build.0 = Debug|Win32
		{DE42EFE0-E853-449D-A677-20BD066DEA62}.Release|x64.ActiveCfg = Release|x64
		{DE42EFE0-E853-449D-A677-20BD066DEA62}.Release|x64.Build.0 = Release|x64
		{DE42EFE0-E853-449D-A677-20BD066DEA62}.Release|x86.ActiveCfg = Release|Win32
		{DE42EFE0-E853-449D-A677-20BD066DEA62}.Release|x86.Build.0 = Release|Win32
	EndGlobalSection
	GlobalSection(SolutionProperties) = preSolution
		HideSolutionNode = FALSE
	EndGlobalSection
	GlobalSection(ExtensibilityGlobals) = postSolution
		SolutionGuid = {58EEFDE6-0AAB-4C19-9106-1C64ACEECFBA}
	EndGlobalSection
EndGlobal
