
Microsoft Visual Studio Solution File, Format Version 12.00
# Visual Studio Version 17
VisualStudioVersion = 17.3.32901.215
MinimumVisualStudioVersion = 10.0.40219.1
Project("{8BC9CEB8-8B4A-11D0-8D11-00A0C91BC942}") = "Task1", "Task1\Task1.vcxproj", "{09BA9EC9-F0AF-4239-BF9D-475FFCAA6D00}"
EndProject
Project("{8BC9CEB8-8B4A-11D0-8D11-00A0C91BC942}") = "Task2", "Task2\Task2.vcxproj", "{2823BA3E-AFE4-4899-B17B-97BB54A9329A}"
EndProject
Project("{8BC9CEB8-8B4A-11D0-8D11-00A0C91BC942}") = "Task3", "Task3\Task3.vcxproj", "{FD990450-DF49-4ED2-A0E5-5691A1B484D3}"
EndProject
Project("{8BC9CEB8-8B4A-11D0-8D11-00A0C91BC942}") = "Task4", "Task4\Task4.vcxproj", "{59B9F875-D7DF-4488-9C87-5A6C1516812E}"
EndProject
Project("{8BC9CEB8-8B4A-11D0-8D11-00A0C91BC942}") = "Task6", "Task6\Task6.vcxproj", "{DBA6935F-7C76-411F-BA5D-D93279E15931}"
EndProject
Project("{8BC9CEB8-8B4A-11D0-8D11-00A0C91BC942}") = "Task5", "Task5\Task5.vcxproj", "{F4B405FD-467B-48B1-937F-623A0BAF5954}"
EndProject
Project("{8BC9CEB8-8B4A-11D0-8D11-00A0C91BC942}") = "Task7", "Task7\Task7.vcxproj", "{653691A6-37E8-4420-98C4-5F5334FE7FA1}"
EndProject
Project("{8BC9CEB8-8B4A-11D0-8D11-00A0C91BC942}") = "Task8", "Task8\Task8.vcxproj", "{3ABB6432-1F7B-470A-9D46-25C20992AE97}"
EndProject
Project("{8BC9CEB8-8B4A-11D0-8D11-00A0C91BC942}") = "Task9", "Task9\Task9.vcxproj", "{8771624E-5116-4FD2-861C-B963F2D03856}"
EndProject
Global
	GlobalSection(SolutionConfigurationPlatforms) = preSolution
		Debug|x64 = Debug|x64
		Debug|x86 = Debug|x86
		Release|x64 = Release|x64
		Release|x86 = Release|x86
	EndGlobalSection
	GlobalSection(ProjectConfigurationPlatforms) = postSolution
		{09BA9EC9-F0AF-4239-BF9D-475FFCAA6D00}.Debug|x64.ActiveCfg = Debug|x64
		{09BA9EC9-F0AF-4239-BF9D-475FFCAA6D00}.Debug|x64.Build.0 = Debug|x64
		{09BA9EC9-F0AF-4239-BF9D-475FFCAA6D00}.Debug|x86.ActiveCfg = Debug|Win32
		{09BA9EC9-F0AF-4239-BF9D-475FFCAA6D00}.Debug|x86.Build.0 = Debug|Win32
		{09BA9EC9-F0AF-4239-BF9D-475FFCAA6D00}.Release|x64.ActiveCfg = Release|x64
		{09BA9EC9-F0AF-4239-BF9D-475FFCAA6D00}.Release|x64.Build.0 = Release|x64
		{09BA9EC9-F0AF-4239-BF9D-475FFCAA6D00}.Release|x86.ActiveCfg = Release|Win32
		{09BA9EC9-F0AF-4239-BF9D-475FFCAA6D00}.Release|x86.Build.0 = Release|Win32
		{2823BA3E-AFE4-4899-B17B-97BB54A9329A}.Debug|x64.ActiveCfg = Debug|x64
		{2823BA3E-AFE4-4899-B17B-97BB54A9329A}.Debug|x64.Build.0 = Debug|x64
		{2823BA3E-AFE4-4899-B17B-97BB54A9329A}.Debug|x86.ActiveCfg = Debug|Win32
		{2823BA3E-AFE4-4899-B17B-97BB54A9329A}.Debug|x86.Build.0 = Debug|Win32
		{2823BA3E-AFE4-4899-B17B-97BB54A9329A}.Release|x64.ActiveCfg = Release|x64
		{2823BA3E-AFE4-4899-B17B-97BB54A9329A}.Release|x64.Build.0 = Release|x64
		{2823BA3E-AFE4-4899-B17B-97BB54A9329A}.Release|x86.ActiveCfg = Release|Win32
		{2823BA3E-AFE4-4899-B17B-97BB54A9329A}.Release|x86.Build.0 = Release|Win32
		{FD990450-DF49-4ED2-A0E5-5691A1B484D3}.Debug|x64.ActiveCfg = Debug|x64
		{FD990450-DF49-4ED2-A0E5-5691A1B484D3}.Debug|x64.Build.0 = Debug|x64
		{FD990450-DF49-4ED2-A0E5-5691A1B484D3}.Debug|x86.ActiveCfg = Debug|Win32
		{FD990450-DF49-4ED2-A0E5-5691A1B484D3}.Debug|x86.Build.0 = Debug|Win32
		{FD990450-DF49-4ED2-A0E5-5691A1B484D3}.Release|x64.ActiveCfg = Release|x64
		{FD990450-DF49-4ED2-A0E5-5691A1B484D3}.Release|x64.Build.0 = Release|x64
		{FD990450-DF49-4ED2-A0E5-5691A1B484D3}.Release|x86.ActiveCfg = Release|Win32
		{FD990450-DF49-4ED2-A0E5-5691A1B484D3}.Release|x86.Build.0 = Release|Win32
		{59B9F875-D7DF-4488-9C87-5A6C1516812E}.Debug|x64.ActiveCfg = Debug|x64
		{59B9F875-D7DF-4488-9C87-5A6C1516812E}.Debug|x64.Build.0 = Debug|x64
		{59B9F875-D7DF-4488-9C87-5A6C1516812E}.Debug|x86.ActiveCfg = Debug|Win32
		{59B9F875-D7DF-4488-9C87-5A6C1516812E}.Debug|x86.Build.0 = Debug|Win32
		{59B9F875-D7DF-4488-9C87-5A6C1516812E}.Release|x64.ActiveCfg = Release|x64
		{59B9F875-D7DF-4488-9C87-5A6C1516812E}.Release|x64.Build.0 = Release|x64
		{59B9F875-D7DF-4488-9C87-5A6C1516812E}.Release|x86.ActiveCfg = Release|Win32
		{59B9F875-D7DF-4488-9C87-5A6C1516812E}.Release|x86.Build.0 = Release|Win32
		{DBA6935F-7C76-411F-BA5D-D93279E15931}.Debug|x64.ActiveCfg = Debug|x64
		{DBA6935F-7C76-411F-BA5D-D93279E15931}.Debug|x64.Build.0 = Debug|x64
		{DBA6935F-7C76-411F-BA5D-D93279E15931}.Debug|x86.ActiveCfg = Debug|Win32
		{DBA6935F-7C76-411F-BA5D-D93279E15931}.Debug|x86.Build.0 = Debug|Win32
		{DBA6935F-7C76-411F-BA5D-D93279E15931}.Release|x64.ActiveCfg = Release|x64
		{DBA6935F-7C76-411F-BA5D-D93279E15931}.Release|x64.Build.0 = Release|x64
		{DBA6935F-7C76-411F-BA5D-D93279E15931}.Release|x86.ActiveCfg = Release|Win32
		{DBA6935F-7C76-411F-BA5D-D93279E15931}.Release|x86.Build.0 = Release|Win32
		{F4B405FD-467B-48B1-937F-623A0BAF5954}.Debug|x64.ActiveCfg = Debug|x64
		{F4B405FD-467B-48B1-937F-623A0BAF5954}.Debug|x64.Build.0 = Debug|x64
		{F4B405FD-467B-48B1-937F-623A0BAF5954}.Debug|x86.ActiveCfg = Debug|Win32
		{F4B405FD-467B-48B1-937F-623A0BAF5954}.Debug|x86.Build.0 = Debug|Win32
		{F4B405FD-467B-48B1-937F-623A0BAF5954}.Release|x64.ActiveCfg = Release|x64
		{F4B405FD-467B-48B1-937F-623A0BAF5954}.Release|x64.Build.0 = Release|x64
		{F4B405FD-467B-48B1-937F-623A0BAF5954}.Release|x86.ActiveCfg = Release|Win32
		{F4B405FD-467B-48B1-937F-623A0BAF5954}.Release|x86.Build.0 = Release|Win32
		{653691A6-37E8-4420-98C4-5F5334FE7FA1}.Debug|x64.ActiveCfg = Debug|x64
		{653691A6-37E8-4420-98C4-5F5334FE7FA1}.Debug|x64.Build.0 = Debug|x64
		{653691A6-37E8-4420-98C4-5F5334FE7FA1}.Debug|x86.ActiveCfg = Debug|Win32
		{653691A6-37E8-4420-98C4-5F5334FE7FA1}.Debug|x86.Build.0 = Debug|Win32
		{653691A6-37E8-4420-98C4-5F5334FE7FA1}.Release|x64.ActiveCfg = Release|x64
		{653691A6-37E8-4420-98C4-5F5334FE7FA1}.Release|x64.Build.0 = Release|x64
		{653691A6-37E8-4420-98C4-5F5334FE7FA1}.Release|x86.ActiveCfg = Release|Win32
		{653691A6-37E8-4420-98C4-5F5334FE7FA1}.Release|x86.Build.0 = Release|Win32
		{3ABB6432-1F7B-470A-9D46-25C20992AE97}.Debug|x64.ActiveCfg = Debug|x64
		{3ABB6432-1F7B-470A-9D46-25C20992AE97}.Debug|x64.Build.0 = Debug|x64
		{3ABB6432-1F7B-470A-9D46-25C20992AE97}.Debug|x86.ActiveCfg = Debug|Win32
		{3ABB6432-1F7B-470A-9D46-25C20992AE97}.Debug|x86.Build.0 = Debug|Win32
		{3ABB6432-1F7B-470A-9D46-25C20992AE97}.Release|x64.ActiveCfg = Release|x64
		{3ABB6432-1F7B-470A-9D46-25C20992AE97}.Release|x64.Build.0 = Release|x64
		{3ABB6432-1F7B-470A-9D46-25C20992AE97}.Release|x86.ActiveCfg = Release|Win32
		{3ABB6432-1F7B-470A-9D46-25C20992AE97}.Release|x86.Build.0 = Release|Win32
		{8771624E-5116-4FD2-861C-B963F2D03856}.Debug|x64.ActiveCfg = Debug|x64
		{8771624E-5116-4FD2-861C-B963F2D03856}.Debug|x64.Build.0 = Debug|x64
		{8771624E-5116-4FD2-861C-B963F2D03856}.Debug|x86.ActiveCfg = Debug|Win32
		{8771624E-5116-4FD2-861C-B963F2D03856}.Debug|x86.Build.0 = Debug|Win32
		{8771624E-5116-4FD2-861C-B963F2D03856}.Release|x64.ActiveCfg = Release|x64
		{8771624E-5116-4FD2-861C-B963F2D03856}.Release|x64.Build.0 = Release|x64
		{8771624E-5116-4FD2-861C-B963F2D03856}.Release|x86.ActiveCfg = Release|Win32
		{8771624E-5116-4FD2-861C-B963F2D03856}.Release|x86.Build.0 = Release|Win32
	EndGlobalSection
	GlobalSection(SolutionProperties) = preSolution
		HideSolutionNode = FALSE
	EndGlobalSection
	GlobalSection(ExtensibilityGlobals) = postSolution
		SolutionGuid = {0A65AF5E-DB1E-47BC-A91F-0BBEF1CC0ACF}
	EndGlobalSection
EndGlobal
