
Microsoft Visual Studio Solution File, Format Version 12.00
# Visual Studio Version 17
VisualStudioVersion = 17.3.32825.248
MinimumVisualStudioVersion = 10.0.40219.1
Project("{8BC9CEB8-8B4A-11D0-8D11-00A0C91BC942}") = "2022.09.12-Homework-1", "2022.09.12-Homework-1\2022.09.12-Homework-1.vcxproj", "{8107CAC3-49F7-4534-B09A-521C1E9F77EA}"
EndProject
Project("{8BC9CEB8-8B4A-11D0-8D11-00A0C91BC942}") = "Task1", "Task1\Task1.vcxproj", "{A32FDD8A-9B8C-4D51-A516-4A8AA941E7EE}"
EndProject
Project("{8BC9CEB8-8B4A-11D0-8D11-00A0C91BC942}") = "Task2", "Task2\Task2.vcxproj", "{BE91BA1B-B80D-46C6-A27F-4D6CC16366C7}"
EndProject
Project("{8BC9CEB8-8B4A-11D0-8D11-00A0C91BC942}") = "Task3", "Task3\Task3.vcxproj", "{55D1F86F-6793-4D7E-97B5-D317BBB8A08C}"
EndProject
Project("{8BC9CEB8-8B4A-11D0-8D11-00A0C91BC942}") = "Task4", "Task4\Task4.vcxproj", "{B0F47CA9-A95E-4235-A1EE-3CB404384DC1}"
EndProject
Project("{8BC9CEB8-8B4A-11D0-8D11-00A0C91BC942}") = "Task5", "Task5\Task5.vcxproj", "{5B02991B-0A1C-4D55-ADB5-796FC7985BFE}"
EndProject
Project("{8BC9CEB8-8B4A-11D0-8D11-00A0C91BC942}") = "Task6", "Task6\Task6.vcxproj", "{D009C904-3691-4C3A-B6B9-CEA31C9435C2}"
EndProject
Project("{8BC9CEB8-8B4A-11D0-8D11-00A0C91BC942}") = "Task7", "Task7\Task7.vcxproj", "{99CAD5F4-5742-4A30-B473-B0AB45E1399D}"
EndProject
Project("{8BC9CEB8-8B4A-11D0-8D11-00A0C91BC942}") = "Task8", "Task8\Task8.vcxproj", "{87ACD68A-3570-47CE-B1E1-876C2ABC3D8B}"
EndProject
Project("{8BC9CEB8-8B4A-11D0-8D11-00A0C91BC942}") = "Task9", "Task9\Task9.vcxproj", "{38B5A92D-3895-4B61-87F1-3BB8DA7016A9}"
EndProject
Project("{8BC9CEB8-8B4A-11D0-8D11-00A0C91BC942}") = "Task10", "Task10\Task10.vcxproj", "{42D583CE-02DB-42ED-A5F2-FD28375DDD77}"
EndProject
Global
	GlobalSection(SolutionConfigurationPlatforms) = preSolution
		Debug|x64 = Debug|x64
		Debug|x86 = Debug|x86
		Release|x64 = Release|x64
		Release|x86 = Release|x86
	EndGlobalSection
	GlobalSection(ProjectConfigurationPlatforms) = postSolution
		{8107CAC3-49F7-4534-B09A-521C1E9F77EA}.Debug|x64.ActiveCfg = Debug|x64
		{8107CAC3-49F7-4534-B09A-521C1E9F77EA}.Debug|x64.Build.0 = Debug|x64
		{8107CAC3-49F7-4534-B09A-521C1E9F77EA}.Debug|x86.ActiveCfg = Debug|Win32
		{8107CAC3-49F7-4534-B09A-521C1E9F77EA}.Debug|x86.Build.0 = Debug|Win32
		{8107CAC3-49F7-4534-B09A-521C1E9F77EA}.Release|x64.ActiveCfg = Release|x64
		{8107CAC3-49F7-4534-B09A-521C1E9F77EA}.Release|x64.Build.0 = Release|x64
		{8107CAC3-49F7-4534-B09A-521C1E9F77EA}.Release|x86.ActiveCfg = Release|Win32
		{8107CAC3-49F7-4534-B09A-521C1E9F77EA}.Release|x86.Build.0 = Release|Win32
		{A32FDD8A-9B8C-4D51-A516-4A8AA941E7EE}.Debug|x64.ActiveCfg = Debug|x64
		{A32FDD8A-9B8C-4D51-A516-4A8AA941E7EE}.Debug|x64.Build.0 = Debug|x64
		{A32FDD8A-9B8C-4D51-A516-4A8AA941E7EE}.Debug|x86.ActiveCfg = Debug|Win32
		{A32FDD8A-9B8C-4D51-A516-4A8AA941E7EE}.Debug|x86.Build.0 = Debug|Win32
		{A32FDD8A-9B8C-4D51-A516-4A8AA941E7EE}.Release|x64.ActiveCfg = Release|x64
		{A32FDD8A-9B8C-4D51-A516-4A8AA941E7EE}.Release|x64.Build.0 = Release|x64
		{A32FDD8A-9B8C-4D51-A516-4A8AA941E7EE}.Release|x86.ActiveCfg = Release|Win32
		{A32FDD8A-9B8C-4D51-A516-4A8AA941E7EE}.Release|x86.Build.0 = Release|Win32
		{BE91BA1B-B80D-46C6-A27F-4D6CC16366C7}.Debug|x64.ActiveCfg = Debug|x64
		{BE91BA1B-B80D-46C6-A27F-4D6CC16366C7}.Debug|x64.Build.0 = Debug|x64
		{BE91BA1B-B80D-46C6-A27F-4D6CC16366C7}.Debug|x86.ActiveCfg = Debug|Win32
		{BE91BA1B-B80D-46C6-A27F-4D6CC16366C7}.Debug|x86.Build.0 = Debug|Win32
		{BE91BA1B-B80D-46C6-A27F-4D6CC16366C7}.Release|x64.ActiveCfg = Release|x64
		{BE91BA1B-B80D-46C6-A27F-4D6CC16366C7}.Release|x64.Build.0 = Release|x64
		{BE91BA1B-B80D-46C6-A27F-4D6CC16366C7}.Release|x86.ActiveCfg = Release|Win32
		{BE91BA1B-B80D-46C6-A27F-4D6CC16366C7}.Release|x86.Build.0 = Release|Win32
		{55D1F86F-6793-4D7E-97B5-D317BBB8A08C}.Debug|x64.ActiveCfg = Debug|x64
		{55D1F86F-6793-4D7E-97B5-D317BBB8A08C}.Debug|x64.Build.0 = Debug|x64
		{55D1F86F-6793-4D7E-97B5-D317BBB8A08C}.Debug|x86.ActiveCfg = Debug|Win32
		{55D1F86F-6793-4D7E-97B5-D317BBB8A08C}.Debug|x86.Build.0 = Debug|Win32
		{55D1F86F-6793-4D7E-97B5-D317BBB8A08C}.Release|x64.ActiveCfg = Release|x64
		{55D1F86F-6793-4D7E-97B5-D317BBB8A08C}.Release|x64.Build.0 = Release|x64
		{55D1F86F-6793-4D7E-97B5-D317BBB8A08C}.Release|x86.ActiveCfg = Release|Win32
		{55D1F86F-6793-4D7E-97B5-D317BBB8A08C}.Release|x86.Build.0 = Release|Win32
		{B0F47CA9-A95E-4235-A1EE-3CB404384DC1}.Debug|x64.ActiveCfg = Debug|x64
		{B0F47CA9-A95E-4235-A1EE-3CB404384DC1}.Debug|x64.Build.0 = Debug|x64
		{B0F47CA9-A95E-4235-A1EE-3CB404384DC1}.Debug|x86.ActiveCfg = Debug|Win32
		{B0F47CA9-A95E-4235-A1EE-3CB404384DC1}.Debug|x86.Build.0 = Debug|Win32
		{B0F47CA9-A95E-4235-A1EE-3CB404384DC1}.Release|x64.ActiveCfg = Release|x64
		{B0F47CA9-A95E-4235-A1EE-3CB404384DC1}.Release|x64.Build.0 = Release|x64
		{B0F47CA9-A95E-4235-A1EE-3CB404384DC1}.Release|x86.ActiveCfg = Release|Win32
		{B0F47CA9-A95E-4235-A1EE-3CB404384DC1}.Release|x86.Build.0 = Release|Win32
		{5B02991B-0A1C-4D55-ADB5-796FC7985BFE}.Debug|x64.ActiveCfg = Debug|x64
		{5B02991B-0A1C-4D55-ADB5-796FC7985BFE}.Debug|x64.Build.0 = Debug|x64
		{5B02991B-0A1C-4D55-ADB5-796FC7985BFE}.Debug|x86.ActiveCfg = Debug|Win32
		{5B02991B-0A1C-4D55-ADB5-796FC7985BFE}.Debug|x86.Build.0 = Debug|Win32
		{5B02991B-0A1C-4D55-ADB5-796FC7985BFE}.Release|x64.ActiveCfg = Release|x64
		{5B02991B-0A1C-4D55-ADB5-796FC7985BFE}.Release|x64.Build.0 = Release|x64
		{5B02991B-0A1C-4D55-ADB5-796FC7985BFE}.Release|x86.ActiveCfg = Release|Win32
		{5B02991B-0A1C-4D55-ADB5-796FC7985BFE}.Release|x86.Build.0 = Release|Win32
		{D009C904-3691-4C3A-B6B9-CEA31C9435C2}.Debug|x64.ActiveCfg = Debug|x64
		{D009C904-3691-4C3A-B6B9-CEA31C9435C2}.Debug|x64.Build.0 = Debug|x64
		{D009C904-3691-4C3A-B6B9-CEA31C9435C2}.Debug|x86.ActiveCfg = Debug|Win32
		{D009C904-3691-4C3A-B6B9-CEA31C9435C2}.Debug|x86.Build.0 = Debug|Win32
		{D009C904-3691-4C3A-B6B9-CEA31C9435C2}.Release|x64.ActiveCfg = Release|x64
		{D009C904-3691-4C3A-B6B9-CEA31C9435C2}.Release|x64.Build.0 = Release|x64
		{D009C904-3691-4C3A-B6B9-CEA31C9435C2}.Release|x86.ActiveCfg = Release|Win32
		{D009C904-3691-4C3A-B6B9-CEA31C9435C2}.Release|x86.Build.0 = Release|Win32
		{99CAD5F4-5742-4A30-B473-B0AB45E1399D}.Debug|x64.ActiveCfg = Debug|x64
		{99CAD5F4-5742-4A30-B473-B0AB45E1399D}.Debug|x64.Build.0 = Debug|x64
		{99CAD5F4-5742-4A30-B473-B0AB45E1399D}.Debug|x86.ActiveCfg = Debug|Win32
		{99CAD5F4-5742-4A30-B473-B0AB45E1399D}.Debug|x86.Build.0 = Debug|Win32
		{99CAD5F4-5742-4A30-B473-B0AB45E1399D}.Release|x64.ActiveCfg = Release|x64
		{99CAD5F4-5742-4A30-B473-B0AB45E1399D}.Release|x64.Build.0 = Release|x64
		{99CAD5F4-5742-4A30-B473-B0AB45E1399D}.Release|x86.ActiveCfg = Release|Win32
		{99CAD5F4-5742-4A30-B473-B0AB45E1399D}.Release|x86.Build.0 = Release|Win32
		{87ACD68A-3570-47CE-B1E1-876C2ABC3D8B}.Debug|x64.ActiveCfg = Debug|x64
		{87ACD68A-3570-47CE-B1E1-876C2ABC3D8B}.Debug|x64.Build.0 = Debug|x64
		{87ACD68A-3570-47CE-B1E1-876C2ABC3D8B}.Debug|x86.ActiveCfg = Debug|Win32
		{87ACD68A-3570-47CE-B1E1-876C2ABC3D8B}.Debug|x86.Build.0 = Debug|Win32
		{87ACD68A-3570-47CE-B1E1-876C2ABC3D8B}.Release|x64.ActiveCfg = Release|x64
		{87ACD68A-3570-47CE-B1E1-876C2ABC3D8B}.Release|x64.Build.0 = Release|x64
		{87ACD68A-3570-47CE-B1E1-876C2ABC3D8B}.Release|x86.ActiveCfg = Release|Win32
		{87ACD68A-3570-47CE-B1E1-876C2ABC3D8B}.Release|x86.Build.0 = Release|Win32
		{38B5A92D-3895-4B61-87F1-3BB8DA7016A9}.Debug|x64.ActiveCfg = Debug|x64
		{38B5A92D-3895-4B61-87F1-3BB8DA7016A9}.Debug|x64.Build.0 = Debug|x64
		{38B5A92D-3895-4B61-87F1-3BB8DA7016A9}.Debug|x86.ActiveCfg = Debug|Win32
		{38B5A92D-3895-4B61-87F1-3BB8DA7016A9}.Debug|x86.Build.0 = Debug|Win32
		{38B5A92D-3895-4B61-87F1-3BB8DA7016A9}.Release|x64.ActiveCfg = Release|x64
		{38B5A92D-3895-4B61-87F1-3BB8DA7016A9}.Release|x64.Build.0 = Release|x64
		{38B5A92D-3895-4B61-87F1-3BB8DA7016A9}.Release|x86.ActiveCfg = Release|Win32
		{38B5A92D-3895-4B61-87F1-3BB8DA7016A9}.Release|x86.Build.0 = Release|Win32
		{42D583CE-02DB-42ED-A5F2-FD28375DDD77}.Debug|x64.ActiveCfg = Debug|x64
		{42D583CE-02DB-42ED-A5F2-FD28375DDD77}.Debug|x64.Build.0 = Debug|x64
		{42D583CE-02DB-42ED-A5F2-FD28375DDD77}.Debug|x86.ActiveCfg = Debug|Win32
		{42D583CE-02DB-42ED-A5F2-FD28375DDD77}.Debug|x86.Build.0 = Debug|Win32
		{42D583CE-02DB-42ED-A5F2-FD28375DDD77}.Release|x64.ActiveCfg = Release|x64
		{42D583CE-02DB-42ED-A5F2-FD28375DDD77}.Release|x64.Build.0 = Release|x64
		{42D583CE-02DB-42ED-A5F2-FD28375DDD77}.Release|x86.ActiveCfg = Release|Win32
		{42D583CE-02DB-42ED-A5F2-FD28375DDD77}.Release|x86.Build.0 = Release|Win32
	EndGlobalSection
	GlobalSection(SolutionProperties) = preSolution
		HideSolutionNode = FALSE
	EndGlobalSection
	GlobalSection(ExtensibilityGlobals) = postSolution
		SolutionGuid = {23AFAA9E-6DA4-42D9-990E-539890BF5601}
	EndGlobalSection
EndGlobal
