
Microsoft Visual Studio Solution File, Format Version 12.00
# Visual Studio Version 17
VisualStudioVersion = 17.3.32901.215
MinimumVisualStudioVersion = 10.0.40219.1
Project("{8BC9CEB8-8B4A-11D0-8D11-00A0C91BC942}") = "Task1", "Task1\Task1.vcxproj", "{8D40E194-46C5-4166-9FCC-725AA685FEFD}"
EndProject
Project("{8BC9CEB8-8B4A-11D0-8D11-00A0C91BC942}") = "Task2", "Task2\Task2.vcxproj", "{239D8BE0-8AFD-4AFF-9225-3ACA627F7A13}"
EndProject
Project("{8BC9CEB8-8B4A-11D0-8D11-00A0C91BC942}") = "Task3", "Project1\Project1.vcxproj", "{6F231C06-5B6E-432E-9E8D-23C5BAA13577}"
EndProject
Project("{8BC9CEB8-8B4A-11D0-8D11-00A0C91BC942}") = "Task4", "Task4\Task4.vcxproj", "{05805DD9-C8C9-4BB6-A59B-8B00818B0A92}"
EndProject
Project("{8BC9CEB8-8B4A-11D0-8D11-00A0C91BC942}") = "Task5", "Task5\Task5.vcxproj", "{4B8A1FCC-7C7C-4A6D-B600-3BC68B72160F}"
EndProject
Project("{8BC9CEB8-8B4A-11D0-8D11-00A0C91BC942}") = "Task6", "Task6\Task6.vcxproj", "{DD3A39C4-0E58-4FD0-8F3D-22DFEF75717B}"
EndProject
Project("{8BC9CEB8-8B4A-11D0-8D11-00A0C91BC942}") = "Task7", "Task7\Task7.vcxproj", "{77043EC4-1774-4DE6-A297-65BCE2C32DAE}"
EndProject
Project("{8BC9CEB8-8B4A-11D0-8D11-00A0C91BC942}") = "Task8", "Task8\Task8.vcxproj", "{33D2846D-9FBC-49F1-A256-06535D738819}"
EndProject
Project("{8BC9CEB8-8B4A-11D0-8D11-00A0C91BC942}") = "Task9", "Task9\Task9.vcxproj", "{EE4262C6-BDCA-4A80-83C1-C865EDEC4ED2}"
EndProject
Project("{8BC9CEB8-8B4A-11D0-8D11-00A0C91BC942}") = "Task10", "Task10\Task10.vcxproj", "{5F4F42D5-CA18-431A-8C7D-D98CD9ADB595}"
EndProject
Global
	GlobalSection(SolutionConfigurationPlatforms) = preSolution
		Debug|x64 = Debug|x64
		Debug|x86 = Debug|x86
		Release|x64 = Release|x64
		Release|x86 = Release|x86
	EndGlobalSection
	GlobalSection(ProjectConfigurationPlatforms) = postSolution
		{8D40E194-46C5-4166-9FCC-725AA685FEFD}.Debug|x64.ActiveCfg = Debug|x64
		{8D40E194-46C5-4166-9FCC-725AA685FEFD}.Debug|x64.Build.0 = Debug|x64
		{8D40E194-46C5-4166-9FCC-725AA685FEFD}.Debug|x86.ActiveCfg = Debug|Win32
		{8D40E194-46C5-4166-9FCC-725AA685FEFD}.Debug|x86.Build.0 = Debug|Win32
		{8D40E194-46C5-4166-9FCC-725AA685FEFD}.Release|x64.ActiveCfg = Release|x64
		{8D40E194-46C5-4166-9FCC-725AA685FEFD}.Release|x64.Build.0 = Release|x64
		{8D40E194-46C5-4166-9FCC-725AA685FEFD}.Release|x86.ActiveCfg = Release|Win32
		{8D40E194-46C5-4166-9FCC-725AA685FEFD}.Release|x86.Build.0 = Release|Win32
		{239D8BE0-8AFD-4AFF-9225-3ACA627F7A13}.Debug|x64.ActiveCfg = Debug|x64
		{239D8BE0-8AFD-4AFF-9225-3ACA627F7A13}.Debug|x64.Build.0 = Debug|x64
		{239D8BE0-8AFD-4AFF-9225-3ACA627F7A13}.Debug|x86.ActiveCfg = Debug|Win32
		{239D8BE0-8AFD-4AFF-9225-3ACA627F7A13}.Debug|x86.Build.0 = Debug|Win32
		{239D8BE0-8AFD-4AFF-9225-3ACA627F7A13}.Release|x64.ActiveCfg = Release|x64
		{239D8BE0-8AFD-4AFF-9225-3ACA627F7A13}.Release|x64.Build.0 = Release|x64
		{239D8BE0-8AFD-4AFF-9225-3ACA627F7A13}.Release|x86.ActiveCfg = Release|Win32
		{239D8BE0-8AFD-4AFF-9225-3ACA627F7A13}.Release|x86.Build.0 = Release|Win32
		{6F231C06-5B6E-432E-9E8D-23C5BAA13577}.Debug|x64.ActiveCfg = Debug|x64
		{6F231C06-5B6E-432E-9E8D-23C5BAA13577}.Debug|x64.Build.0 = Debug|x64
		{6F231C06-5B6E-432E-9E8D-23C5BAA13577}.Debug|x86.ActiveCfg = Debug|Win32
		{6F231C06-5B6E-432E-9E8D-23C5BAA13577}.Debug|x86.Build.0 = Debug|Win32
		{6F231C06-5B6E-432E-9E8D-23C5BAA13577}.Release|x64.ActiveCfg = Release|x64
		{6F231C06-5B6E-432E-9E8D-23C5BAA13577}.Release|x64.Build.0 = Release|x64
		{6F231C06-5B6E-432E-9E8D-23C5BAA13577}.Release|x86.ActiveCfg = Release|Win32
		{6F231C06-5B6E-432E-9E8D-23C5BAA13577}.Release|x86.Build.0 = Release|Win32
		{05805DD9-C8C9-4BB6-A59B-8B00818B0A92}.Debug|x64.ActiveCfg = Debug|x64
		{05805DD9-C8C9-4BB6-A59B-8B00818B0A92}.Debug|x64.Build.0 = Debug|x64
		{05805DD9-C8C9-4BB6-A59B-8B00818B0A92}.Debug|x86.ActiveCfg = Debug|Win32
		{05805DD9-C8C9-4BB6-A59B-8B00818B0A92}.Debug|x86.Build.0 = Debug|Win32
		{05805DD9-C8C9-4BB6-A59B-8B00818B0A92}.Release|x64.ActiveCfg = Release|x64
		{05805DD9-C8C9-4BB6-A59B-8B00818B0A92}.Release|x64.Build.0 = Release|x64
		{05805DD9-C8C9-4BB6-A59B-8B00818B0A92}.Release|x86.ActiveCfg = Release|Win32
		{05805DD9-C8C9-4BB6-A59B-8B00818B0A92}.Release|x86.Build.0 = Release|Win32
		{4B8A1FCC-7C7C-4A6D-B600-3BC68B72160F}.Debug|x64.ActiveCfg = Debug|x64
		{4B8A1FCC-7C7C-4A6D-B600-3BC68B72160F}.Debug|x64.Build.0 = Debug|x64
		{4B8A1FCC-7C7C-4A6D-B600-3BC68B72160F}.Debug|x86.ActiveCfg = Debug|Win32
		{4B8A1FCC-7C7C-4A6D-B600-3BC68B72160F}.Debug|x86.Build.0 = Debug|Win32
		{4B8A1FCC-7C7C-4A6D-B600-3BC68B72160F}.Release|x64.ActiveCfg = Release|x64
		{4B8A1FCC-7C7C-4A6D-B600-3BC68B72160F}.Release|x64.Build.0 = Release|x64
		{4B8A1FCC-7C7C-4A6D-B600-3BC68B72160F}.Release|x86.ActiveCfg = Release|Win32
		{4B8A1FCC-7C7C-4A6D-B600-3BC68B72160F}.Release|x86.Build.0 = Release|Win32
		{DD3A39C4-0E58-4FD0-8F3D-22DFEF75717B}.Debug|x64.ActiveCfg = Debug|x64
		{DD3A39C4-0E58-4FD0-8F3D-22DFEF75717B}.Debug|x64.Build.0 = Debug|x64
		{DD3A39C4-0E58-4FD0-8F3D-22DFEF75717B}.Debug|x86.ActiveCfg = Debug|Win32
		{DD3A39C4-0E58-4FD0-8F3D-22DFEF75717B}.Debug|x86.Build.0 = Debug|Win32
		{DD3A39C4-0E58-4FD0-8F3D-22DFEF75717B}.Release|x64.ActiveCfg = Release|x64
		{DD3A39C4-0E58-4FD0-8F3D-22DFEF75717B}.Release|x64.Build.0 = Release|x64
		{DD3A39C4-0E58-4FD0-8F3D-22DFEF75717B}.Release|x86.ActiveCfg = Release|Win32
		{DD3A39C4-0E58-4FD0-8F3D-22DFEF75717B}.Release|x86.Build.0 = Release|Win32
		{77043EC4-1774-4DE6-A297-65BCE2C32DAE}.Debug|x64.ActiveCfg = Debug|x64
		{77043EC4-1774-4DE6-A297-65BCE2C32DAE}.Debug|x64.Build.0 = Debug|x64
		{77043EC4-1774-4DE6-A297-65BCE2C32DAE}.Debug|x86.ActiveCfg = Debug|Win32
		{77043EC4-1774-4DE6-A297-65BCE2C32DAE}.Debug|x86.Build.0 = Debug|Win32
		{77043EC4-1774-4DE6-A297-65BCE2C32DAE}.Release|x64.ActiveCfg = Release|x64
		{77043EC4-1774-4DE6-A297-65BCE2C32DAE}.Release|x64.Build.0 = Release|x64
		{77043EC4-1774-4DE6-A297-65BCE2C32DAE}.Release|x86.ActiveCfg = Release|Win32
		{77043EC4-1774-4DE6-A297-65BCE2C32DAE}.Release|x86.Build.0 = Release|Win32
		{33D2846D-9FBC-49F1-A256-06535D738819}.Debug|x64.ActiveCfg = Debug|x64
		{33D2846D-9FBC-49F1-A256-06535D738819}.Debug|x64.Build.0 = Debug|x64
		{33D2846D-9FBC-49F1-A256-06535D738819}.Debug|x86.ActiveCfg = Debug|Win32
		{33D2846D-9FBC-49F1-A256-06535D738819}.Debug|x86.Build.0 = Debug|Win32
		{33D2846D-9FBC-49F1-A256-06535D738819}.Release|x64.ActiveCfg = Release|x64
		{33D2846D-9FBC-49F1-A256-06535D738819}.Release|x64.Build.0 = Release|x64
		{33D2846D-9FBC-49F1-A256-06535D738819}.Release|x86.ActiveCfg = Release|Win32
		{33D2846D-9FBC-49F1-A256-06535D738819}.Release|x86.Build.0 = Release|Win32
		{EE4262C6-BDCA-4A80-83C1-C865EDEC4ED2}.Debug|x64.ActiveCfg = Debug|x64
		{EE4262C6-BDCA-4A80-83C1-C865EDEC4ED2}.Debug|x64.Build.0 = Debug|x64
		{EE4262C6-BDCA-4A80-83C1-C865EDEC4ED2}.Debug|x86.ActiveCfg = Debug|Win32
		{EE4262C6-BDCA-4A80-83C1-C865EDEC4ED2}.Debug|x86.Build.0 = Debug|Win32
		{EE4262C6-BDCA-4A80-83C1-C865EDEC4ED2}.Release|x64.ActiveCfg = Release|x64
		{EE4262C6-BDCA-4A80-83C1-C865EDEC4ED2}.Release|x64.Build.0 = Release|x64
		{EE4262C6-BDCA-4A80-83C1-C865EDEC4ED2}.Release|x86.ActiveCfg = Release|Win32
		{EE4262C6-BDCA-4A80-83C1-C865EDEC4ED2}.Release|x86.Build.0 = Release|Win32
		{5F4F42D5-CA18-431A-8C7D-D98CD9ADB595}.Debug|x64.ActiveCfg = Debug|x64
		{5F4F42D5-CA18-431A-8C7D-D98CD9ADB595}.Debug|x64.Build.0 = Debug|x64
		{5F4F42D5-CA18-431A-8C7D-D98CD9ADB595}.Debug|x86.ActiveCfg = Debug|Win32
		{5F4F42D5-CA18-431A-8C7D-D98CD9ADB595}.Debug|x86.Build.0 = Debug|Win32
		{5F4F42D5-CA18-431A-8C7D-D98CD9ADB595}.Release|x64.ActiveCfg = Release|x64
		{5F4F42D5-CA18-431A-8C7D-D98CD9ADB595}.Release|x64.Build.0 = Release|x64
		{5F4F42D5-CA18-431A-8C7D-D98CD9ADB595}.Release|x86.ActiveCfg = Release|Win32
		{5F4F42D5-CA18-431A-8C7D-D98CD9ADB595}.Release|x86.Build.0 = Release|Win32
	EndGlobalSection
	GlobalSection(SolutionProperties) = preSolution
		HideSolutionNode = FALSE
	EndGlobalSection
	GlobalSection(ExtensibilityGlobals) = postSolution
		SolutionGuid = {E746591F-F057-4A41-94DD-66D4E90EEB1A}
	EndGlobalSection
EndGlobal
